PODS:
  - fl_pip (0.0.1):
    - Flutter
  - Flutter (1.0.0)

DEPENDENCIES:
  - fl_pip (from `.symlinks/plugins/fl_pip/ios`)
  - Flutter (from `Flutter`)

EXTERNAL SOURCES:
  fl_pip:
    :path: ".symlinks/plugins/fl_pip/ios"
  Flutter:
    :path: Flutter

SPEC CHECKSUMS:
  fl_pip: 8161c3d6fb04a73d698d7a80c1bf83cd046d738a
  Flutter: e0871f40cf51350855a761d2e70bf5af5b9b5de7

PODFILE CHECKSUM: 57c8aed26fba39d3ec9424816221f294a07c58eb

COCOAPODS: 1.16.2
